
Microsoft Visual Studio Solution File, Format Version 12.00
# Visual Studio Version 16
VisualStudioVersion = 16.0.30114.105
MinimumVisualStudioVersion = 10.0.40219.1
Project("{9A19103F-16F7-4668-BE54-9A1E7A4F7556}") = "RcrsCore.IdentityServer", "RcrsCore.IdentityServer\RcrsCore.IdentityServer.csproj", "{93B1441B-74EC-4506-80DD-83C9DC3A3F15}"
EndProject
Project("{9A19103F-16F7-4668-BE54-9A1E7A4F7556}") = "RcrsCore.IdentityServer.Dto", "RcrsCore.IdentityServer.Dto\RcrsCore.IdentityServer.Dto.csproj", "{DEAB151A-B496-4252-8787-329FF81FB553}"
EndProject
Project("{9A19103F-16F7-4668-BE54-9A1E7A4F7556}") = "RcrsCore.Api.IdentityServer.Admin", "RcrsCore.Api.IdentityServer.Admin\RcrsCore.Api.IdentityServer.Admin.csproj", "{4812A653-1F74-4C58-A37B-4A47E05EAAFF}"
EndProject
Global
	GlobalSection(SolutionConfigurationPlatforms) = preSolution
		Debug|Any CPU = Debug|Any CPU
		Release|Any CPU = Release|Any CPU
	EndGlobalSection
	GlobalSection(ProjectConfigurationPlatforms) = postSolution
		{93B1441B-74EC-4506-80DD-83C9DC3A3F15}.Debug|Any CPU.ActiveCfg = Debug|Any CPU
		{93B1441B-74EC-4506-80DD-83C9DC3A3F15}.Debug|Any CPU.Build.0 = Debug|Any CPU
		{93B1441B-74EC-4506-80DD-83C9DC3A3F15}.Release|Any CPU.ActiveCfg = Release|Any CPU
		{93B1441B-74EC-4506-80DD-83C9DC3A3F15}.Release|Any CPU.Build.0 = Release|Any CPU
		{DEAB151A-B496-4252-8787-329FF81FB553}.Debug|Any CPU.ActiveCfg = Debug|Any CPU
		{DEAB151A-B496-4252-8787-329FF81FB553}.Debug|Any CPU.Build.0 = Debug|Any CPU
		{DEAB151A-B496-4252-8787-329FF81FB553}.Release|Any CPU.ActiveCfg = Release|Any CPU
		{DEAB151A-B496-4252-8787-329FF81FB553}.Release|Any CPU.Build.0 = Release|Any CPU
		{4812A653-1F74-4C58-A37B-4A47E05EAAFF}.Debug|Any CPU.ActiveCfg = Debug|Any CPU
		{4812A653-1F74-4C58-A37B-4A47E05EAAFF}.Debug|Any CPU.Build.0 = Debug|Any CPU
		{4812A653-1F74-4C58-A37B-4A47E05EAAFF}.Release|Any CPU.ActiveCfg = Release|Any CPU
		{4812A653-1F74-4C58-A37B-4A47E05EAAFF}.Release|Any CPU.Build.0 = Release|Any CPU
	EndGlobalSection
	GlobalSection(SolutionProperties) = preSolution
		HideSolutionNode = FALSE
	EndGlobalSection
	GlobalSection(ExtensibilityGlobals) = postSolution
		SolutionGuid = {814B7185-89F1-4EAA-80E8-80302E4DD41F}
	EndGlobalSection
EndGlobal
